
Microsoft Visual Studio Solution File, Format Version 12.00
# Visual Studio Version 17
VisualStudioVersion = 17.4.33213.308
MinimumVisualStudioVersion = 10.0.40219.1
Project("{FAE04EC0-301F-11D3-BF4B-00C04F79EFBC}") = "DHA-Code-Test-Backend", "DHA-Code-Test-Backend.csproj", "{2A3B0643-1BC8-4891-81E9-F68A3C3E0714}"
EndProject
Global
	GlobalSection(SolutionConfigurationPlatforms) = preSolution
		Debug|Any CPU = Debug|Any CPU
		Release|Any CPU = Release|Any CPU
	EndGlobalSection
	GlobalSection(ProjectConfigurationPlatforms) = postSolution
		{2A3B0643-1BC8-4891-81E9-F68A3C3E0714}.Debug|Any CPU.ActiveCfg = Debug|Any CPU
		{2A3B0643-1BC8-4891-81E9-F68A3C3E0714}.Debug|Any CPU.Build.0 = Debug|Any CPU
		{2A3B0643-1BC8-4891-81E9-F68A3C3E0714}.Release|Any CPU.ActiveCfg = Release|Any CPU
		{2A3B0643-1BC8-4891-81E9-F68A3C3E0714}.Release|Any CPU.Build.0 = Release|Any CPU
	EndGlobalSection
	GlobalSection(SolutionProperties) = preSolution
		HideSolutionNode = FALSE
	EndGlobalSection
	GlobalSection(ExtensibilityGlobals) = postSolution
		SolutionGuid = {00867476-B572-4299-A435-59D92E17F69E}
	EndGlobalSection
EndGlobal
